
Microsoft Visual Studio Solution File, Format Version 12.00
# Visual Studio Version 16
VisualStudioVersion = 16.6.30114.105
MinimumVisualStudioVersion = 10.0.40219.1
Project("{2150E333-8FDC-42A3-9474-1A3956D46DE8}") = "src", "src", "{54458125-6497-4093-927E-BDF83C3844A2}"
EndProject
Project("{2150E333-8FDC-42A3-9474-1A3956D46DE8}") = "FormApp", "FormApp", "{7455359B-2FB3-45FF-BA12-656F7F731EF5}"
EndProject
Project("{2150E333-8FDC-42A3-9474-1A3956D46DE8}") = "Library", "Library", "{4E84A4B3-6E04-49B8-AEDF-A76A84D41D41}"
EndProject
Project("{9A19103F-16F7-4668-BE54-9A1E7A4F7556}") = "WinForms.FormApp", "src\FormApp\WinForms.FormApp\WinForms.FormApp.csproj", "{1989700D-5C9E-433A-8C8F-CED57ECA05A1}"
EndProject
Project("{9A19103F-16F7-4668-BE54-9A1E7A4F7556}") = "WinForms.Library", "src\Library\WinForms.Library\WinForms.Library.csproj", "{D030782A-E43A-487A-B730-A91145C7BE2A}"
EndProject
Project("{2150E333-8FDC-42A3-9474-1A3956D46DE8}") = "Domain", "Domain", "{6A78BE89-BC0A-4A04-9DFF-F790ED9EC78D}"
EndProject
Project("{9A19103F-16F7-4668-BE54-9A1E7A4F7556}") = "WinForms.Domain", "src\Domain\WinForms.Domain\WinForms.Domain.csproj", "{0353368B-EEA8-47E7-89F1-DE9528239E1A}"
EndProject
Project("{2150E333-8FDC-42A3-9474-1A3956D46DE8}") = "Data", "Data", "{E84EC2BE-6E1D-4DAC-A599-4DB72531FC39}"
EndProject
Project("{FAE04EC0-301F-11D3-BF4B-00C04F79EFBC}") = "WinForms.Data", "src\Data\WinForms.Data\WinForms.Data.csproj", "{55C3A418-E9E5-4944-A8D0-E221327FAAE1}"
EndProject
Global
	GlobalSection(SolutionConfigurationPlatforms) = preSolution
		Debug|Any CPU = Debug|Any CPU
		Release|Any CPU = Release|Any CPU
	EndGlobalSection
	GlobalSection(ProjectConfigurationPlatforms) = postSolution
		{1989700D-5C9E-433A-8C8F-CED57ECA05A1}.Debug|Any CPU.ActiveCfg = Debug|Any CPU
		{1989700D-5C9E-433A-8C8F-CED57ECA05A1}.Debug|Any CPU.Build.0 = Debug|Any CPU
		{1989700D-5C9E-433A-8C8F-CED57ECA05A1}.Release|Any CPU.ActiveCfg = Release|Any CPU
		{1989700D-5C9E-433A-8C8F-CED57ECA05A1}.Release|Any CPU.Build.0 = Release|Any CPU
		{D030782A-E43A-487A-B730-A91145C7BE2A}.Debug|Any CPU.ActiveCfg = Debug|Any CPU
		{D030782A-E43A-487A-B730-A91145C7BE2A}.Debug|Any CPU.Build.0 = Debug|Any CPU
		{D030782A-E43A-487A-B730-A91145C7BE2A}.Release|Any CPU.ActiveCfg = Release|Any CPU
		{D030782A-E43A-487A-B730-A91145C7BE2A}.Release|Any CPU.Build.0 = Release|Any CPU
		{0353368B-EEA8-47E7-89F1-DE9528239E1A}.Debug|Any CPU.ActiveCfg = Debug|Any CPU
		{0353368B-EEA8-47E7-89F1-DE9528239E1A}.Debug|Any CPU.Build.0 = Debug|Any CPU
		{0353368B-EEA8-47E7-89F1-DE9528239E1A}.Release|Any CPU.ActiveCfg = Release|Any CPU
		{0353368B-EEA8-47E7-89F1-DE9528239E1A}.Release|Any CPU.Build.0 = Release|Any CPU
		{55C3A418-E9E5-4944-A8D0-E221327FAAE1}.Debug|Any CPU.ActiveCfg = Debug|Any CPU
		{55C3A418-E9E5-4944-A8D0-E221327FAAE1}.Debug|Any CPU.Build.0 = Debug|Any CPU
		{55C3A418-E9E5-4944-A8D0-E221327FAAE1}.Release|Any CPU.ActiveCfg = Release|Any CPU
		{55C3A418-E9E5-4944-A8D0-E221327FAAE1}.Release|Any CPU.Build.0 = Release|Any CPU
	EndGlobalSection
	GlobalSection(SolutionProperties) = preSolution
		HideSolutionNode = FALSE
	EndGlobalSection
	GlobalSection(NestedProjects) = preSolution
		{7455359B-2FB3-45FF-BA12-656F7F731EF5} = {54458125-6497-4093-927E-BDF83C3844A2}
		{4E84A4B3-6E04-49B8-AEDF-A76A84D41D41} = {54458125-6497-4093-927E-BDF83C3844A2}
		{1989700D-5C9E-433A-8C8F-CED57ECA05A1} = {7455359B-2FB3-45FF-BA12-656F7F731EF5}
		{D030782A-E43A-487A-B730-A91145C7BE2A} = {4E84A4B3-6E04-49B8-AEDF-A76A84D41D41}
		{6A78BE89-BC0A-4A04-9DFF-F790ED9EC78D} = {54458125-6497-4093-927E-BDF83C3844A2}
		{0353368B-EEA8-47E7-89F1-DE9528239E1A} = {6A78BE89-BC0A-4A04-9DFF-F790ED9EC78D}
		{E84EC2BE-6E1D-4DAC-A599-4DB72531FC39} = {54458125-6497-4093-927E-BDF83C3844A2}
		{55C3A418-E9E5-4944-A8D0-E221327FAAE1} = {E84EC2BE-6E1D-4DAC-A599-4DB72531FC39}
	EndGlobalSection
	GlobalSection(ExtensibilityGlobals) = postSolution
		SolutionGuid = {63D47443-E438-4BE5-A5E2-F884C6DD02A2}
	EndGlobalSection
EndGlobal
